
Microsoft Visual Studio Solution File, Format Version 12.00
# Visual Studio Version 17
VisualStudioVersion = 17.9.34616.47
MinimumVisualStudioVersion = 10.0.40219.1
Project("{FAE04EC0-301F-11D3-BF4B-00C04F79EFBC}") = "APICORE", "APICORE\APICORE.csproj", "{BF03887E-018B-427A-BB85-9CEE290834FF}"
EndProject
Global
	GlobalSection(SolutionConfigurationPlatforms) = preSolution
		Debug|Any CPU = Debug|Any CPU
		Release|Any CPU = Release|Any CPU
	EndGlobalSection
	GlobalSection(ProjectConfigurationPlatforms) = postSolution
		{BF03887E-018B-427A-BB85-9CEE290834FF}.Debug|Any CPU.ActiveCfg = Debug|Any CPU
		{BF03887E-018B-427A-BB85-9CEE290834FF}.Debug|Any CPU.Build.0 = Debug|Any CPU
		{BF03887E-018B-427A-BB85-9CEE290834FF}.Release|Any CPU.ActiveCfg = Release|Any CPU
		{BF03887E-018B-427A-BB85-9CEE290834FF}.Release|Any CPU.Build.0 = Release|Any CPU
	EndGlobalSection
	GlobalSection(SolutionProperties) = preSolution
		HideSolutionNode = FALSE
	EndGlobalSection
	GlobalSection(ExtensibilityGlobals) = postSolution
		SolutionGuid = {85DAFF95-D7A9-483A-B2A8-EC83FE60795B}
	EndGlobalSection
EndGlobal
